
Microsoft Visual Studio Solution File, Format Version 12.00
# Visual Studio 14
VisualStudioVersion = 14.0.25420.1
MinimumVisualStudioVersion = 10.0.40219.1
Project("{FAE04EC0-301F-11D3-BF4B-00C04F79EFBC}") = "AdvancedUnitTesting", "AdvancedUnitTesting\AdvancedUnitTesting.csproj", "{0B3B62C4-82FA-4092-8830-B8B1A10A0CCC}"
EndProject
Global
	GlobalSection(SolutionConfigurationPlatforms) = preSolution
		Debug|Any CPU = Debug|Any CPU
		Release|Any CPU = Release|Any CPU
	EndGlobalSection
	GlobalSection(ProjectConfigurationPlatforms) = postSolution
		{0B3B62C4-82FA-4092-8830-B8B1A10A0CCC}.Debug|Any CPU.ActiveCfg = Debug|Any CPU
		{0B3B62C4-82FA-4092-8830-B8B1A10A0CCC}.Debug|Any CPU.Build.0 = Debug|Any CPU
		{0B3B62C4-82FA-4092-8830-B8B1A10A0CCC}.Release|Any CPU.ActiveCfg = Release|Any CPU
		{0B3B62C4-82FA-4092-8830-B8B1A10A0CCC}.Release|Any CPU.Build.0 = Release|Any CPU
	EndGlobalSection
	GlobalSection(SolutionProperties) = preSolution
		HideSolutionNode = FALSE
	EndGlobalSection
EndGlobal
